
Microsoft Visual Studio Solution File, Format Version 12.00
# Visual Studio Version 17
VisualStudioVersion = 17.7.34003.232
MinimumVisualStudioVersion = 10.0.40219.1
Project("{FAE04EC0-301F-11D3-BF4B-00C04F79EFBC}") = "XmlGoNew", "XmlGoNew\XmlGoNew.csproj", "{CA0420BC-5AB9-4927-8D2E-E84D870B1CE2}"
EndProject
Global
	GlobalSection(SolutionConfigurationPlatforms) = preSolution
		Debug|Any CPU = Debug|Any CPU
		Release|Any CPU = Release|Any CPU
	EndGlobalSection
	GlobalSection(ProjectConfigurationPlatforms) = postSolution
		{CA0420BC-5AB9-4927-8D2E-E84D870B1CE2}.Debug|Any CPU.ActiveCfg = Debug|Any CPU
		{CA0420BC-5AB9-4927-8D2E-E84D870B1CE2}.Debug|Any CPU.Build.0 = Debug|Any CPU
		{CA0420BC-5AB9-4927-8D2E-E84D870B1CE2}.Release|Any CPU.ActiveCfg = Release|Any CPU
		{CA0420BC-5AB9-4927-8D2E-E84D870B1CE2}.Release|Any CPU.Build.0 = Release|Any CPU
	EndGlobalSection
	GlobalSection(SolutionProperties) = preSolution
		HideSolutionNode = FALSE
	EndGlobalSection
	GlobalSection(ExtensibilityGlobals) = postSolution
		SolutionGuid = {47557653-FB7B-4520-8003-8AF1EAA76D36}
	EndGlobalSection
EndGlobal
